// !$*UTF8*$!
{
	archiveVersion = 1;
	classes = {
	};
	objectVersion = 46;
	objects = {

/* Begin PBXBuildFile section */
		902437E21B3CAF5600746C55 /* AppDelegate.swift in Sources */ = {isa = PBXBuildFile; fileRef = 902437E11B3CAF5600746C55 /* AppDelegate.swift */; };
		902437E41B3CAF5600746C55 /* ViewController.swift in Sources */ = {isa = PBXBuildFile; fileRef = 902437E31B3CAF5600746C55 /* ViewController.swift */; };
		902437E71B3CAF5600746C55 /* Main.storyboard in Resources */ = {isa = PBXBuildFile; fileRef = 902437E51B3CAF5600746C55 /* Main.storyboard */; };
		902437E91B3CAF5600746C55 /* Images.xcassets in Resources */ = {isa = PBXBuildFile; fileRef = 902437E81B3CAF5600746C55 /* Images.xcassets */; };
		902437EC1B3CAF5600746C55 /* LaunchScreen.xib in Resources */ = {isa = PBXBuildFile; fileRef = 902437EA1B3CAF5600746C55 /* LaunchScreen.xib */; };
		902437F81B3CAF5600746C55 /* ClickCounterTests.swift in Sources */ = {isa = PBXBuildFile; fileRef = 902437F71B3CAF5600746C55 /* ClickCounterTests.swift */; };
/* End PBXBuildFile section */

/* Begin PBXContainerItemProxy section */
		902437F21B3CAF5600746C55 /* PBXContainerItemProxy */ = {
			isa = PBXContainerItemProxy;
			containerPortal = 902437D41B3CAF5600746C55 /* Project object */;
			proxyType = 1;
			remoteGlobalIDString = 902437DB1B3CAF5600746C55;
			remoteInfo = ClickCounter;
		};
/* End PBXContainerItemProxy section */

/* Begin PBXFileReference section */
		902437DC1B3CAF5600746C55 /* ClickCounter.app */ = {isa = PBXFileReference; explicitFileType = wrapper.application; includeInIndex = 0; path = ClickCounter.app; sourceTree = BUILT_PRODUCTS_DIR; };
		902437E01B3CAF5600746C55 /* Info.plist */ = {isa = PBXFileReference; lastKnownFileType = text.plist.xml; path = Info.plist; sourceTree = "<group>"; };
		902437E11B3CAF5600746C55 /* AppDelegate.swift */ = {isa = PBXFileReference; lastKnownFileType = sourcecode.swift; path = AppDelegate.swift; sourceTree = "<group>"; };
		902437E31B3CAF5600746C55 /* ViewController.swift */ = {isa = PBXFileReference; lastKnownFileType = sourcecode.swift; path = ViewController.swift; sourceTree = "<group>"; };
		902437E61B3CAF5600746C55 /* Base */ = {isa = PBXFileReference; lastKnownFileType = file.storyboard; name = Base; path = Base.lproj/Main.storyboard; sourceTree = "<group>"; };
		902437E81B3CAF5600746C55 /* Images.xcassets */ = {isa = PBXFileReference; lastKnownFileType = folder.assetcatalog; path = Images.xcassets; sourceTree = "<group>"; };
		902437EB1B3CAF5600746C55 /* Base */ = {isa = PBXFileReference; lastKnownFileType = file.xib; name = Base; path = Base.lproj/LaunchScreen.xib; sourceTree = "<group>"; };
		902437F11B3CAF5600746C55 /* ClickCounterTests.xctest */ = {isa = PBXFileReference; explicitFileType = wrapper.cfbundle; includeInIndex = 0; path = ClickCounterTests.xctest; sourceTree = BUILT_PRODUCTS_DIR; };
		902437F61B3CAF5600746C55 /* Info.plist */ = {isa = PBXFileReference; lastKnownFileType = text.plist.xml; path = Info.plist; sourceTree = "<group>"; };
		902437F71B3CAF5600746C55 /* ClickCounterTests.swift */ = {isa = PBXFileReference; lastKnownFileType = sourcecode.swift; path = ClickCounterTests.swift; sourceTree = "<group>"; };
/* End PBXFileReference section */

/* Begin PBXFrameworksBuildPhase section */
		902437D91B3CAF5600746C55 /* Frameworks */ = {
			isa = PBXFrameworksBuildPhase;
			buildActionMask = 2147483647;
			files = (
			);
			runOnlyForDeploymentPostprocessing = 0;
		};
		902437EE1B3CAF5600746C55 /* Frameworks */ = {
			isa = PBXFrameworksBuildPhase;
			buildActionMask = 2147483647;
			files = (
			);
			runOnlyForDeploymentPostprocessing = 0;
		};
/* End PBXFrameworksBuildPhase section */

/* Begin PBXGroup section */
		902437D31B3CAF5600746C55 = {
			isa = PBXGroup;
			children = (
				902437DE1B3CAF5600746C55 /* ClickCounter */,
				902437F41B3CAF5600746C55 /* ClickCounterTests */,
				902437DD1B3CAF5600746C55 /* Products */,
			);
			sourceTree = "<group>";
		};
		902437DD1B3CAF5600746C55 /* Products */ = {
			isa = PBXGroup;
			children = (
				902437DC1B3CAF5600746C55 /* ClickCounter.app */,
				902437F11B3CAF5600746C55 /* ClickCounterTests.xctest */,
			);
			name = Products;
			sourceTree = "<group>";
		};
		902437DE1B3CAF5600746C55 /* ClickCounter */ = {
			isa = PBXGroup;
			children = (
				902437E11B3CAF5600746C55 /* AppDelegate.swift */,
				902437E31B3CAF5600746C55 /* ViewController.swift */,
				902437E51B3CAF5600746C55 /* Main.storyboard */,
				902437E81B3CAF5600746C55 /* Images.xcassets */,
				902437EA1B3CAF5600746C55 /* LaunchScreen.xib */,
				902437DF1B3CAF5600746C55 /* Supporting Files */,
			);
			path = ClickCounter;
			sourceTree = "<group>";
		};
		902437DF1B3CAF5600746C55 /* Supporting Files */ = {
			isa = PBXGroup;
			children = (
				902437E01B3CAF5600746C55 /* Info.plist */,
			);
			name = "Supporting Files";
			sourceTree = "<group>";
		};
		902437F41B3CAF5600746C55 /* ClickCounterTests */ = {
			isa = PBXGroup;
			children = (
				902437F71B3CAF5600746C55 /* ClickCounterTests.swift */,
				902437F51B3CAF5600746C55 /* Supporting Files */,
			);
			path = ClickCounterTests;
			sourceTree = "<group>";
		};
		902437F51B3CAF5600746C55 /* Supporting Files */ = {
			isa = PBXGroup;
			children = (
				902437F61B3CAF5600746C55 /* Info.plist */,
			);
			name = "Supporting Files";
			sourceTree = "<group>";
		};
/* End PBXGroup section */

/* Begin PBXNativeTarget section */
		902437DB1B3CAF5600746C55 /* ClickCounter */ = {
			isa = PBXNativeTarget;
			buildConfigurationList = 902437FB1B3CAF5600746C55 /* Build configuration list for PBXNativeTarget "ClickCounter" */;
			buildPhases = (
				902437D81B3CAF5600746C55 /* Sources */,
				902437D91B3CAF5600746C55 /* Frameworks */,
				902437DA1B3CAF5600746C55 /* Resources */,
			);
			buildRules = (
			);
			dependencies = (
			);
			name = ClickCounter;
			productName = ClickCounter;
			productReference = 902437DC1B3CAF5600746C55 /* ClickCounter.app */;
			productType = "com.apple.product-type.application";
		};
		902437F01B3CAF5600746C55 /* ClickCounterTests */ = {
			isa = PBXNativeTarget;
			buildConfigurationList = 902437FE1B3CAF5600746C55 /* Build configuration list for PBXNativeTarget "ClickCounterTests" */;
			buildPhases = (
				902437ED1B3CAF5600746C55 /* Sources */,
				902437EE1B3CAF5600746C55 /* Frameworks */,
				902437EF1B3CAF5600746C55 /* Resources */,
			);
			buildRules = (
			);
			dependencies = (
				902437F31B3CAF5600746C55 /* PBXTargetDependency */,
			);
			name = ClickCounterTests;
			productName = ClickCounterTests;
			productReference = 902437F11B3CAF5600746C55 /* ClickCounterTests.xctest */;
			productType = "com.apple.product-type.bundle.unit-test";
		};
/* End PBXNativeTarget section */

/* Begin PBXProject section */
		902437D41B3CAF5600746C55 /* Project object */ = {
			isa = PBXProject;
			attributes = {
				LastUpgradeCheck = 0630;
				ORGANIZATIONNAME = "Surajit A Bose";
				TargetAttributes = {
					902437DB1B3CAF5600746C55 = {
						CreatedOnToolsVersion = 6.3.2;
					};
					902437F01B3CAF5600746C55 = {
						CreatedOnToolsVersion = 6.3.2;
						TestTargetID = 902437DB1B3CAF5600746C55;
					};
				};
			};
			buildConfigurationList = 902437D71B3CAF5600746C55 /* Build configuration list for PBXProject "ClickCounter" */;
			compatibilityVersion = "Xcode 3.2";
			developmentRegion = English;
			hasScannedForEncodings = 0;
			knownRegions = (
				en,
				Base,
			);
			mainGroup = 902437D31B3CAF5600746C55;
			productRefGroup = 902437DD1B3CAF5600746C55 /* Products */;
			projectDirPath = "";
			projectRoot = "";
			targets = (
				902437DB1B3CAF5600746C55 /* ClickCounter */,
				902437F01B3CAF5600746C55 /* ClickCounterTests */,
			);
		};
/* End PBXProject section */

/* Begin PBXResourcesBuildPhase section */
		902437DA1B3CAF5600746C55 /* Resources */ = {
			isa = PBXResourcesBuildPhase;
			buildActionMask = 2147483647;
			files = (
				902437E71B3CAF5600746C55 /* Main.storyboard in Resources */,
				902437EC1B3CAF5600746C55 /* LaunchScreen.xib in Resources */,
				902437E91B3CAF5600746C55 /* Images.xcassets in Resources */,
			);
			runOnlyForDeploymentPostprocessing = 0;
		};
		902437EF1B3CAF5600746C55 /* Resources */ = {
			isa = PBXResourcesBuildPhase;
			buildActionMask = 2147483647;
			files = (
			);
			runOnlyForDeploymentPostprocessing = 0;
		};
/* End PBXResourcesBuildPhase section */

/* Begin PBXSourcesBuildPhase section */
		902437D81B3CAF5600746C55 /* Sources */ = {
			isa = PBXSourcesBuildPhase;
			buildActionMask = 2147483647;
			files = (
				902437E41B3CAF5600746C55 /* ViewController.swift in Sources */,
				902437E21B3CAF5600746C55 /* AppDelegate.swift in Sources */,
			);
			runOnlyForDeploymentPostprocessing = 0;
		};
		902437ED1B3CAF5600746C55 /* Sources */ = {
			isa = PBXSourcesBuildPhase;
			buildActionMask = 2147483647;
			files = (
				902437F81B3CAF5600746C55 /* ClickCounterTests.swift in Sources */,
			);
			runOnlyForDeploymentPostprocessing = 0;
		};
/* End PBXSourcesBuildPhase section */

/* Begin PBXTargetDependency section */
		902437F31B3CAF5600746C55 /* PBXTargetDependency */ = {
			isa = PBXTargetDependency;
			target = 902437DB1B3CAF5600746C55 /* ClickCounter */;
			targetProxy = 902437F21B3CAF5600746C55 /* PBXContainerItemProxy */;
		};
/* End PBXTargetDependency section */

/* Begin PBXVariantGroup section */
		902437E51B3CAF5600746C55 /* Main.storyboard */ = {
			isa = PBXVariantGroup;
			children = (
				902437E61B3CAF5600746C55 /* Base */,
			);
			name = Main.storyboard;
			sourceTree = "<group>";
		};
		902437EA1B3CAF5600746C55 /* LaunchScreen.xib */ = {
			isa = PBXVariantGroup;
			children = (
				902437EB1B3CAF5600746C55 /* Base */,
			);
			name = LaunchScreen.xib;
			sourceTree = "<group>";
		};
/* End PBXVariantGroup section */

/* Begin XCBuildConfiguration section */
		902437F91B3CAF5600746C55 /* Debug */ = {
			isa = XCBuildConfiguration;
			buildSettings = {
				ALWAYS_SEARCH_USER_PATHS = NO;
				CLANG_CXX_LANGUAGE_STANDARD = "gnu++0x";
				CLANG_CXX_LIBRARY = "libc++";
				CLANG_ENABLE_MODULES = YES;
				CLANG_ENABLE_OBJC_ARC = YES;
				CLANG_WARN_BOOL_CONVERSION = YES;
				CLANG_WARN_CONSTANT_CONVERSION = YES;
				CLANG_WARN_DIRECT_OBJC_ISA_USAGE = YES_ERROR;
				CLANG_WARN_EMPTY_BODY = YES;
				CLANG_WARN_ENUM_CONVERSION = YES;
				CLANG_WARN_INT_CONVERSION = YES;
				CLANG_WARN_OBJC_ROOT_CLASS = YES_ERROR;
				CLANG_WARN_UNREACHABLE_CODE = YES;
				CLANG_WARN__DUPLICATE_METHOD_MATCH = YES;
				"CODE_SIGN_IDENTITY[sdk=iphoneos*]" = "iPhone Developer";
				COPY_PHASE_STRIP = NO;
				DEBUG_INFORMATION_FORMAT = "dwarf-with-dsym";
				ENABLE_STRICT_OBJC_MSGSEND = YES;
				GCC_C_LANGUAGE_STANDARD = gnu99;
				GCC_DYNAMIC_NO_PIC = NO;
				GCC_NO_COMMON_BLOCKS = YES;
				GCC_OPTIMIZATION_LEVEL = 0;
				GCC_PREPROCESSOR_DEFINITIONS = (
					"DEBUG=1",
					"$(inherited)",
				);
				GCC_SYMBOLS_PRIVATE_EXTERN = NO;
				GCC_WARN_64_TO_32_BIT_CONVERSION = YES;
				GCC_WARN_ABOUT_RETURN_TYPE = YES_ERROR;
				GCC_WARN_UNDECLARED_SELECTOR = YES;
				GCC_WARN_UNINITIALIZED_AUTOS = YES_AGGRESSIVE;
				GCC_WARN_UNUSED_FUNCTION = YES;
				GCC_WARN_UNUSED_VARIABLE = YES;
				IPHONEOS_DEPLOYMENT_TARGET = 8.3;
				MTL_ENABLE_DEBUG_INFO = YES;
				ONLY_ACTIVE_ARCH = YES;
				SDKROOT = iphoneos;
				SWIFT_OPTIMIZATION_LEVEL = "-Onone";
			};
			name = Debug;
		};
		902437FA1B3CAF5600746C55 /* Release */ = {
			isa = XCBuildConfiguration;
			buildSettings = {
				ALWAYS_SEARCH_USER_PATHS = NO;
				CLANG_CXX_LANGUAGE_STANDARD = "gnu++0x";
				CLANG_CXX_LIBRARY = "libc++";
				CLANG_ENABLE_MODULES = YES;
				CLANG_ENABLE_OBJC_ARC = YES;
				CLANG_WARN_BOOL_CONVERSION = YES;
				CLANG_WARN_CONSTANT_CONVERSION = YES;
				CLANG_WARN_DIRECT_OBJC_ISA_USAGE = YES_ERROR;
				CLANG_WARN_EMPTY_BODY = YES;
				CLANG_WARN_ENUM_CONVERSION = YES;
				CLANG_WARN_INT_CONVERSION = YES;
				CLANG_WARN_OBJC_ROOT_CLASS = YES_ERROR;
				CLANG_WARN_UNREACHABLE_CODE = YES;
				CLANG_WARN__DUPLICATE_METHOD_MATCH = YES;
				"CODE_SIGN_IDENTITY[sdk=iphoneos*]" = "iPhone Developer";
				COPY_PHASE_STRIP = NO;
				DEBUG_INFORMATION_FORMAT = "dwarf-with-dsym";
				ENABLE_NS_ASSERTIONS = NO;
				ENABLE_STRICT_OBJC_MSGSEND = YES;
				GCC_C_LANGUAGE_STANDARD = gnu99;
				GCC_NO_COMMON_BLOCKS = YES;
				GCC_WARN_64_TO_32_BIT_CONVERSION = YES;
				GCC_WARN_ABOUT_RETURN_TYPE = YES_ERROR;
				GCC_WARN_UNDECLARED_SELECTOR = YES;
				GCC_WARN_UNINITIALIZED_AUTOS = YES_AGGRESSIVE;
				GCC_WARN_UNUSED_FUNCTION = YES;
				GCC_WARN_UNUSED_VARIABLE = YES;
				IPHONEOS_DEPLOYMENT_TARGET = 8.3;
				MTL_ENABLE_DEBUG_INFO = NO;
				SDKROOT = iphoneos;
				VALIDATE_PRODUCT = YES;
			};
			name = Release;
		};
		902437FC1B3CAF5600746C55 /* Debug */ = {
			isa = XCBuildConfiguration;
			buildSettings = {
				ASSETCATALOG_COMPILER_APPICON_NAME = AppIcon;
				INFOPLIST_FILE = ClickCounter/Info.plist;
				LD_RUNPATH_SEARCH_PATHS = "$(inherited) @executable_path/Frameworks";
				PRODUCT_NAME = "$(TARGET_NAME)";
			};
			name = Debug;
		};
		902437FD1B3CAF5600746C55 /* Release */ = {
			isa = XCBuildConfiguration;
			buildSettings = {
				ASSETCATALOG_COMPILER_APPICON_NAME = AppIcon;
				INFOPLIST_FILE = ClickCounter/Info.plist;
				LD_RUNPATH_SEARCH_PATHS = "$(inherited) @executable_path/Frameworks";
				PRODUCT_NAME = "$(TARGET_NAME)";
			};
			name = Release;
		};
		902437FF1B3CAF5600746C55 /* Debug */ = {
			isa = XCBuildConfiguration;
			buildSettings = {
				BUNDLE_LOADER = "$(TEST_HOST)";
				FRAMEWORK_SEARCH_PATHS = (
					"$(SDKROOT)/Developer/Library/Frameworks",
					"$(inherited)",
				);
				GCC_PREPROCESSOR_DEFINITIONS = (
					"DEBUG=1",
					"$(inherited)",
				);
				INFOPLIST_FILE = ClickCounterTests/Info.plist;
				LD_RUNPATH_SEARCH_PATHS = "$(inherited) @executable_path/Frameworks @loader_path/Frameworks";
				PRODUCT_NAME = "$(TARGET_NAME)";
				TEST_HOST = "$(BUILT_PRODUCTS_DIR)/ClickCounter.app/ClickCounter";
			};
			name = Debug;
		};
		902438001B3CAF5600746C55 /* Release */ = {
			isa = XCBuildConfiguration;
			buildSettings = {
				BUNDLE_LOADER = "$(TEST_HOST)";
				FRAMEWORK_SEARCH_PATHS = (
					"$(SDKROOT)/Developer/Library/Frameworks",
					"$(inherited)",
				);
				INFOPLIST_FILE = ClickCounterTests/Info.plist;
				LD_RUNPATH_SEARCH_PATHS = "$(inherited) @executable_path/Frameworks @loader_path/Frameworks";
				PRODUCT_NAME = "$(TARGET_NAME)";
				TEST_HOST = "$(BUILT_PRODUCTS_DIR)/ClickCounter.app/ClickCounter";
			};
			name = Release;
		};
/* End XCBuildConfiguration section */

/* Begin XCConfigurationList section */
		902437D71B3CAF5600746C55 /* Build configuration list for PBXProject "ClickCounter" */ = {
			isa = XCConfigurationList;
			buildConfigurations = (
				902437F91B3CAF5600746C55 /* Debug */,
				902437FA1B3CAF5600746C55 /* Release */,
			);
			defaultConfigurationIsVisible = 0;
			defaultConfigurationName = Release;
		};
		902437FB1B3CAF5600746C55 /* Build configuration list for PBXNativeTarget "ClickCounter" */ = {
			isa = XCConfigurationList;
			buildConfigurations = (
				902437FC1B3CAF5600746C55 /* Debug */,
				902437FD1B3CAF5600746C55 /* Release */,
			);
			defaultConfigurationIsVisible = 0;
		};
		902437FE1B3CAF5600746C55 /* Build configuration list for PBXNativeTarget "ClickCounterTests" */ = {
			isa = XCConfigurationList;
			buildConfigurations = (
				902437FF1B3CAF5600746C55 /* Debug */,
				902438001B3CAF5600746C55 /* Release */,
			);
			defaultConfigurationIsVisible = 0;
		};
/* End XCConfigurationList section */
	};
	rootObject = 902437D41B3CAF5600746C55 /* Project object */;
}
